<?xml version="1.0" encoding="utf-8"?>
<Project ToolsVersion="4.0" xmlns="http://schemas.microsoft.com/developer/msbuild/2003">
  <ItemGroup>
    <Filter Include="_Framework">
      <UniqueIdentifier>{f04c9286-e219-4fb7-b306-f9717e9aba86}</UniqueIdentifier>
    </Filter>
    <Filter Include="_Test">
      <UniqueIdentifier>{75066020-d788-4b2b-bc41-ace12119e0d5}</UniqueIdentifier>
    </Filter>
    <Filter Include="Shaders">
      <UniqueIdentifier>{018c6f9a-3b75-4b64-9e16-5ef5fc18a3c8}</UniqueIdentifier>
    </Filter>
    <Filter Include="Shaders\Compiled">
      <UniqueIdentifier>{c9098c9a-8b93-4fbd-9966-9a803ee39556}</UniqueIdentifier>
    </Filter>
    <Filter Include="Shaders\Original">
      <UniqueIdentifier>{3c7a2d86-b6b5-4627-9f08-50ba20e402ca}</UniqueIdentifier>
    </Filter>
    <Filter Include="_Test\Unit Test Configuration">
      <UniqueIdentifier>{0608852d-4953-4faf-8d42-335bb335dce5}</UniqueIdentifier>
    </Filter>
    <Filter Include="src">
      <UniqueIdentifier>{4FC737F1-C7A5-4376-A066-2A32D752A2FF}</UniqueIdentifier>
      <Extensions>cpp;c;cc;cxx;def;odl;idl;hpj;bat;asm;asmx</Extensions>
    </Filter>
    <Filter Include="src\Camera">
      <UniqueIdentifier>{6522eaa0-32dc-4903-b416-40e63802de1c}</UniqueIdentifier>
    </Filter>
    <Filter Include="src\ShaderObject">
      <UniqueIdentifier>{3ded6dfe-9cc7-4a62-8420-6ad034060f8c}</UniqueIdentifier>
    </Filter>
    <Filter Include="src\Game">
      <UniqueIdentifier>{4cda4876-0d19-4d22-80d6-255299a04507}</UniqueIdentifier>
    </Filter>
    <Filter Include="src\GameObject">
      <UniqueIdentifier>{51ba3269-d895-41bf-a4cd-db5691d988b4}</UniqueIdentifier>
    </Filter>
    <Filter Include="src\GraphicsObject">
      <UniqueIdentifier>{45324200-2da6-416c-9e59-00972da44b7d}</UniqueIdentifier>
    </Filter>
    <Filter Include="src\_Diagrams">
      <UniqueIdentifier>{9775dca4-63f1-4cb4-a522-f6a6afd55fc8}</UniqueIdentifier>
    </Filter>
    <Filter Include="src\Utils">
      <UniqueIdentifier>{e92ca29b-4937-4528-bd5c-8e9a35ac565c}</UniqueIdentifier>
    </Filter>
    <Filter Include="src\Mesh">
      <UniqueIdentifier>{8a894f74-093c-43c4-9200-37d30accd0fe}</UniqueIdentifier>
    </Filter>
    <Filter Include="DXTex">
      <UniqueIdentifier>{b4b72b8d-072e-4003-88ce-fcb26a13c670}</UniqueIdentifier>
    </Filter>
    <Filter Include="DXTex\include">
      <UniqueIdentifier>{5897035a-06ed-43ee-b2bb-10e340f0c291}</UniqueIdentifier>
    </Filter>
    <Filter Include="DXTex\lib">
      <UniqueIdentifier>{24b3fdff-eff7-4a16-9098-c8f20d2831bd}</UniqueIdentifier>
    </Filter>
    <Filter Include="src\TextureObject">
      <UniqueIdentifier>{03dac8eb-2e05-4b7f-ad07-c76f6b5ac463}</UniqueIdentifier>
    </Filter>
    <Filter Include="_JSON">
      <UniqueIdentifier>{1625a4f8-517f-4939-a437-827f56585dd2}</UniqueIdentifier>
    </Filter>
    <Filter Include="_TinyGLTF">
      <UniqueIdentifier>{8d2dee84-59c5-4dc3-a5cf-9be785713fbf}</UniqueIdentifier>
    </Filter>
    <Filter Include="_Proto">
      <UniqueIdentifier>{919edf46-faae-47e7-b0ab-05bc7df4a7f1}</UniqueIdentifier>
    </Filter>
    <Filter Include="_Proto\include">
      <UniqueIdentifier>{80b6fa18-be01-433a-b1a5-bd9d6b7d99da}</UniqueIdentifier>
    </Filter>
    <Filter Include="_Proto\include\google">
      <UniqueIdentifier>{a5b23adb-778a-4f11-b3e6-115bd1b38d75}</UniqueIdentifier>
    </Filter>
    <Filter Include="_Proto\include\google\protobuf">
      <UniqueIdentifier>{09525acf-a35d-4d2c-bf7c-2827e284587b}</UniqueIdentifier>
    </Filter>
    <Filter Include="_Proto\include\google\protobuf\io">
      <UniqueIdentifier>{4b6ae4fc-f453-4cba-99f0-21127fdc45e8}</UniqueIdentifier>
    </Filter>
    <Filter Include="_Proto\include\google\protobuf\stubs">
      <UniqueIdentifier>{42b27f90-7e9c-4fff-a3f6-1dc5695f93f5}</UniqueIdentifier>
    </Filter>
    <Filter Include="_Proto\include\google\protobuf\util">
      <UniqueIdentifier>{d3aeed41-c3e6-4145-8a83-676030824ff2}</UniqueIdentifier>
    </Filter>
    <Filter Include="_Proto\include\google\protobuf\compiler">
      <UniqueIdentifier>{e22a7d70-0d1f-478f-9b5b-7ed52e48181d}</UniqueIdentifier>
    </Filter>
    <Filter Include="_Proto\include\google\protobuf\compiler\cpp">
      <UniqueIdentifier>{c08f8095-c6b0-46c0-b292-4c6516c26260}</UniqueIdentifier>
    </Filter>
    <Filter Include="_Proto\libs-debug">
      <UniqueIdentifier>{547b88a2-2e5b-4828-8d9e-1a5ded85d8ce}</UniqueIdentifier>
    </Filter>
    <Filter Include="_Proto\libs-release">
      <UniqueIdentifier>{dc360563-3bf3-425b-b1c8-aacb8cabec28}</UniqueIdentifier>
    </Filter>
    <Filter Include="src\ProtoSandbox">
      <UniqueIdentifier>{fda2f675-764a-4956-a489-04176d4a4a43}</UniqueIdentifier>
    </Filter>
  </ItemGroup>
  <ItemGroup>
    <None Include="..\Framework\__DO NOT MODIFY__">
      <Filter>_Framework</Filter>
    </None>
    <None Include="GraphicsObject_Diagram.cd">
      <Filter>src\_Diagrams</Filter>
    </None>
    <None Include="DXTex\include\DirectXTex.inl">
      <Filter>DXTex\include</Filter>
    </None>
    <None Include="Shaders\Original\Default.hlsli">
      <Filter>Shaders\Original</Filter>
    </None>
    <None Include="TinyGLTF\tinygltf.pdb">
      <Filter>_TinyGLTF</Filter>
    </None>
    <None Include="Proto\google\protobuf\map_test.inc">
      <Filter>_Proto\include\google\protobuf</Filter>
    </None>
    <None Include="Proto\google\protobuf\map_test_util.inc">
      <Filter>_Proto\include\google\protobuf</Filter>
    </None>
    <None Include="Proto\google\protobuf\message_unittest.inc">
      <Filter>_Proto\include\google\protobuf</Filter>
    </None>
    <None Include="Proto\google\protobuf\port_def.inc">
      <Filter>_Proto\include\google\protobuf</Filter>
    </None>
    <None Include="Proto\google\protobuf\port_undef.inc">
      <Filter>_Proto\include\google\protobuf</Filter>
    </None>
    <None Include="Proto\google\protobuf\proto3_lite_unittest.inc">
      <Filter>_Proto\include\google\protobuf</Filter>
    </None>
    <None Include="Proto\google\protobuf\test_util.inc">
      <Filter>_Proto\include\google\protobuf</Filter>
    </None>
    <None Include="Proto\google\protobuf\wire_format_unittest.inc">
      <Filter>_Proto\include\google\protobuf</Filter>
    </None>
    <None Include="src\modelData.proto">
      <Filter>src\ProtoSandbox</Filter>
    </None>
  </ItemGroup>
  <ItemGroup>
    <ClInclude Include="..\Framework\Framework.h">
      <Filter>_Framework</Filter>
    </ClInclude>
    <ClInclude Include="src\Colors.h">
      <Filter>src\Utils</Filter>
    </ClInclude>
    <ClInclude Include="src\_UnitTestConfiguration.h">
      <Filter>_Test\Unit Test Configuration</Filter>
    </ClInclude>
    <ClInclude Include="Shaders\Compiled\ColorByVertex.Px.h">
      <Filter>Shaders\Compiled</Filter>
    </ClInclude>
    <ClInclude Include="Shaders\Compiled\ColorByVertex.Vx.h">
      <Filter>Shaders\Compiled</Filter>
    </ClInclude>
    <ClInclude Include="src\CubeMesh.h">
      <Filter>src\Mesh</Filter>
    </ClInclude>
    <ClInclude Include="src\ShaderObject.h">
      <Filter>src\ShaderObject</Filter>
    </ClInclude>
    <ClInclude Include="src\SOColorByVertex.h">
      <Filter>src\ShaderObject</Filter>
    </ClInclude>
    <ClInclude Include="src\Mesh.h">
      <Filter>src\Mesh</Filter>
    </ClInclude>
    <ClInclude Include="src\Camera.h">
      <Filter>src\Camera</Filter>
    </ClInclude>
    <ClInclude Include="src\Engine.h">
      <Filter>src\Game</Filter>
    </ClInclude>
    <ClInclude Include="src\Game.h">
      <Filter>src\Game</Filter>
    </ClInclude>
    <ClInclude Include="src\GameObject.h">
      <Filter>src\GameObject</Filter>
    </ClInclude>
    <ClInclude Include="src\GraphicsObject.h">
      <Filter>src\GraphicsObject</Filter>
    </ClInclude>
    <ClInclude Include="src\GOColorByVertex.h">
      <Filter>src\GraphicsObject</Filter>
    </ClInclude>
    <ClInclude Include="src\GOWireframe.h">
      <Filter>src\GraphicsObject</Filter>
    </ClInclude>
    <ClInclude Include="src\PyramidMesh.h">
      <Filter>src\Mesh</Filter>
    </ClInclude>
    <ClInclude Include="src\GameObjectManager.h">
      <Filter>src\GameObject</Filter>
    </ClInclude>
    <ClInclude Include="src\GONull.h">
      <Filter>src\GraphicsObject</Filter>
    </ClInclude>
    <ClInclude Include="src\ShaderObjectManager.h">
      <Filter>src\ShaderObject</Filter>
    </ClInclude>
    <ClInclude Include="src\Render.h">
      <Filter>src\GraphicsObject</Filter>
    </ClInclude>
    <ClInclude Include="src\MeshManager.h">
      <Filter>src\Mesh</Filter>
    </ClInclude>
    <ClInclude Include="src\CameraManager.h">
      <Filter>src\Camera</Filter>
    </ClInclude>
    <ClInclude Include="src\DiamondMesh.h">
      <Filter>src\Mesh</Filter>
    </ClInclude>
    <ClInclude Include="src\CrossMesh.h">
      <Filter>src\Mesh</Filter>
    </ClInclude>
    <ClInclude Include="DXTex\include\DirectXTex.h">
      <Filter>DXTex\include</Filter>
    </ClInclude>
    <ClInclude Include="src\TextureObject.h">
      <Filter>src\TextureObject</Filter>
    </ClInclude>
    <ClInclude Include="src\SOFlatTexture.h">
      <Filter>src\ShaderObject</Filter>
    </ClInclude>
    <ClInclude Include="Shaders\Compiled\FlatTexture.Px.h">
      <Filter>Shaders\Compiled</Filter>
    </ClInclude>
    <ClInclude Include="Shaders\Compiled\FlatTexture.Vx.h">
      <Filter>Shaders\Compiled</Filter>
    </ClInclude>
    <ClInclude Include="src\GOFlatTexture.h">
      <Filter>src\GraphicsObject</Filter>
    </ClInclude>
    <ClInclude Include="src\TextureObjectManager.h">
      <Filter>src\TextureObject</Filter>
    </ClInclude>
    <ClInclude Include="Shaders\Compiled\ConstColor.Px.h">
      <Filter>Shaders\Compiled</Filter>
    </ClInclude>
    <ClInclude Include="Shaders\Compiled\ConstColor.Vx.h">
      <Filter>Shaders\Compiled</Filter>
    </ClInclude>
    <ClInclude Include="Shaders\Compiled\LightTexture.Px.h">
      <Filter>Shaders\Compiled</Filter>
    </ClInclude>
    <ClInclude Include="Shaders\Compiled\LightTexture.Vx.h">
      <Filter>Shaders\Compiled</Filter>
    </ClInclude>
    <ClInclude Include="Shaders\Compiled\Null.Px.h">
      <Filter>Shaders\Compiled</Filter>
    </ClInclude>
    <ClInclude Include="Shaders\Compiled\Null.Vx.h">
      <Filter>Shaders\Compiled</Filter>
    </ClInclude>
    <ClInclude Include="src\SOLightTexture.h">
      <Filter>src\ShaderObject</Filter>
    </ClInclude>
    <ClInclude Include="src\GOLightTexture.h">
      <Filter>src\GraphicsObject</Filter>
    </ClInclude>
    <ClInclude Include="src\SOConstColor.h">
      <Filter>src\ShaderObject</Filter>
    </ClInclude>
    <ClInclude Include="src\GOConstColor.h">
      <Filter>src\GraphicsObject</Filter>
    </ClInclude>
    <ClInclude Include="src\Player.h">
      <Filter>src\GameObject</Filter>
    </ClInclude>
    <ClInclude Include="src\EngineUtils.h">
      <Filter>src\Game</Filter>
    </ClInclude>
    <ClInclude Include="src\SONull.h">
      <Filter>src\ShaderObject</Filter>
    </ClInclude>
    <ClInclude Include="src\MeshUtils.h">
      <Filter>src\Mesh</Filter>
    </ClInclude>
    <ClInclude Include="Shaders\Compiled\Default.Px.h">
      <Filter>Shaders\Compiled</Filter>
    </ClInclude>
    <ClInclude Include="Shaders\Compiled\Default.Vx.h">
      <Filter>Shaders\Compiled</Filter>
    </ClInclude>
    <ClInclude Include="src\SODefault.h">
      <Filter>src\ShaderObject</Filter>
    </ClInclude>
    <ClInclude Include="src\Plane.h">
      <Filter>src\Mesh</Filter>
    </ClInclude>
    <ClInclude Include="JSON\json.hpp">
      <Filter>_JSON</Filter>
    </ClInclude>
    <ClInclude Include="TinyGLTF\stb_image.h">
      <Filter>_TinyGLTF</Filter>
    </ClInclude>
    <ClInclude Include="TinyGLTF\stb_image_write.h">
      <Filter>_TinyGLTF</Filter>
    </ClInclude>
    <ClInclude Include="TinyGLTF\tiny_gltf.h">
      <Filter>_TinyGLTF</Filter>
    </ClInclude>
    <ClInclude Include="Proto\google\protobuf\io\coded_stream.h">
      <Filter>_Proto\include\google\protobuf\io</Filter>
    </ClInclude>
    <ClInclude Include="Proto\google\protobuf\io\gzip_stream.h">
      <Filter>_Proto\include\google\protobuf\io</Filter>
    </ClInclude>
    <ClInclude Include="Proto\google\protobuf\io\io_win32.h">
      <Filter>_Proto\include\google\protobuf\io</Filter>
    </ClInclude>
    <ClInclude Include="Proto\google\protobuf\io\package_info.h">
      <Filter>_Proto\include\google\protobuf\io</Filter>
    </ClInclude>
    <ClInclude Include="Proto\google\protobuf\io\printer.h">
      <Filter>_Proto\include\google\protobuf\io</Filter>
    </ClInclude>
    <ClInclude Include="Proto\google\protobuf\io\strtod.h">
      <Filter>_Proto\include\google\protobuf\io</Filter>
    </ClInclude>
    <ClInclude Include="Proto\google\protobuf\io\test_zero_copy_stream.h">
      <Filter>_Proto\include\google\protobuf\io</Filter>
    </ClInclude>
    <ClInclude Include="Proto\google\protobuf\io\tokenizer.h">
      <Filter>_Proto\include\google\protobuf\io</Filter>
    </ClInclude>
    <ClInclude Include="Proto\google\protobuf\io\zero_copy_sink.h">
      <Filter>_Proto\include\google\protobuf\io</Filter>
    </ClInclude>
    <ClInclude Include="Proto\google\protobuf\io\zero_copy_stream.h">
      <Filter>_Proto\include\google\protobuf\io</Filter>
    </ClInclude>
    <ClInclude Include="Proto\google\protobuf\io\zero_copy_stream_impl.h">
      <Filter>_Proto\include\google\protobuf\io</Filter>
    </ClInclude>
    <ClInclude Include="Proto\google\protobuf\io\zero_copy_stream_impl_lite.h">
      <Filter>_Proto\include\google\protobuf\io</Filter>
    </ClInclude>
    <ClInclude Include="Proto\google\protobuf\util\delimited_message_util.h">
      <Filter>_Proto\include\google\protobuf\util</Filter>
    </ClInclude>
    <ClInclude Include="Proto\google\protobuf\util\field_comparator.h">
      <Filter>_Proto\include\google\protobuf\util</Filter>
    </ClInclude>
    <ClInclude Include="Proto\google\protobuf\util\field_mask_util.h">
      <Filter>_Proto\include\google\protobuf\util</Filter>
    </ClInclude>
    <ClInclude Include="Proto\google\protobuf\util\json_util.h">
      <Filter>_Proto\include\google\protobuf\util</Filter>
    </ClInclude>
    <ClInclude Include="Proto\google\protobuf\util\message_differencer.h">
      <Filter>_Proto\include\google\protobuf\util</Filter>
    </ClInclude>
    <ClInclude Include="Proto\google\protobuf\util\package_info.h">
      <Filter>_Proto\include\google\protobuf\util</Filter>
    </ClInclude>
    <ClInclude Include="Proto\google\protobuf\util\time_util.h">
      <Filter>_Proto\include\google\protobuf\util</Filter>
    </ClInclude>
    <ClInclude Include="Proto\google\protobuf\util\type_resolver.h">
      <Filter>_Proto\include\google\protobuf\util</Filter>
    </ClInclude>
    <ClInclude Include="Proto\google\protobuf\util\type_resolver_util.h">
      <Filter>_Proto\include\google\protobuf\util</Filter>
    </ClInclude>
    <ClInclude Include="Proto\google\protobuf\stubs\callback.h">
      <Filter>_Proto\include\google\protobuf\stubs</Filter>
    </ClInclude>
    <ClInclude Include="Proto\google\protobuf\stubs\common.h">
      <Filter>_Proto\include\google\protobuf\stubs</Filter>
    </ClInclude>
    <ClInclude Include="Proto\google\protobuf\stubs\platform_macros.h">
      <Filter>_Proto\include\google\protobuf\stubs</Filter>
    </ClInclude>
    <ClInclude Include="Proto\google\protobuf\stubs\port.h">
      <Filter>_Proto\include\google\protobuf\stubs</Filter>
    </ClInclude>
    <ClInclude Include="Proto\google\protobuf\stubs\status_macros.h">
      <Filter>_Proto\include\google\protobuf\stubs</Filter>
    </ClInclude>
    <ClInclude Include="Proto\google\protobuf\compiler\cpp\cpp_generator.h">
      <Filter>_Proto\include\google\protobuf\compiler\cpp</Filter>
    </ClInclude>
    <ClInclude Include="Proto\google\protobuf\compiler\cpp\enum.h">
      <Filter>_Proto\include\google\protobuf\compiler\cpp</Filter>
    </ClInclude>
    <ClInclude Include="Proto\google\protobuf\compiler\cpp\extension.h">
      <Filter>_Proto\include\google\protobuf\compiler\cpp</Filter>
    </ClInclude>
    <ClInclude Include="Proto\google\protobuf\compiler\cpp\field.h">
      <Filter>_Proto\include\google\protobuf\compiler\cpp</Filter>
    </ClInclude>
    <ClInclude Include="Proto\google\protobuf\compiler\cpp\file.h">
      <Filter>_Proto\include\google\protobuf\compiler\cpp</Filter>
    </ClInclude>
    <ClInclude Include="Proto\google\protobuf\compiler\cpp\generator.h">
      <Filter>_Proto\include\google\protobuf\compiler\cpp</Filter>
    </ClInclude>
    <ClInclude Include="Proto\google\protobuf\compiler\cpp\helpers.h">
      <Filter>_Proto\include\google\protobuf\compiler\cpp</Filter>
    </ClInclude>
    <ClInclude Include="Proto\google\protobuf\compiler\cpp\message.h">
      <Filter>_Proto\include\google\protobuf\compiler\cpp</Filter>
    </ClInclude>
    <ClInclude Include="Proto\google\protobuf\compiler\cpp\message_layout_helper.h">
      <Filter>_Proto\include\google\protobuf\compiler\cpp</Filter>
    </ClInclude>
    <ClInclude Include="Proto\google\protobuf\compiler\cpp\names.h">
      <Filter>_Proto\include\google\protobuf\compiler\cpp</Filter>
    </ClInclude>
    <ClInclude Include="Proto\google\protobuf\compiler\cpp\options.h">
      <Filter>_Proto\include\google\protobuf\compiler\cpp</Filter>
    </ClInclude>
    <ClInclude Include="Proto\google\protobuf\compiler\cpp\padding_optimizer.h">
      <Filter>_Proto\include\google\protobuf\compiler\cpp</Filter>
    </ClInclude>
    <ClInclude Include="Proto\google\protobuf\compiler\cpp\parse_function_generator.h">
      <Filter>_Proto\include\google\protobuf\compiler\cpp</Filter>
    </ClInclude>
    <ClInclude Include="Proto\google\protobuf\compiler\cpp\service.h">
      <Filter>_Proto\include\google\protobuf\compiler\cpp</Filter>
    </ClInclude>
    <ClInclude Include="Proto\google\protobuf\compiler\cpp\tracker.h">
      <Filter>_Proto\include\google\protobuf\compiler\cpp</Filter>
    </ClInclude>
    <ClInclude Include="Proto\google\protobuf\compiler\cpp\unittest.h">
      <Filter>_Proto\include\google\protobuf\compiler\cpp</Filter>
    </ClInclude>
    <ClInclude Include="Proto\google\protobuf\compiler\annotation_test_util.h">
      <Filter>_Proto\include\google\protobuf\compiler</Filter>
    </ClInclude>
    <ClInclude Include="Proto\google\protobuf\compiler\code_generator.h">
      <Filter>_Proto\include\google\protobuf\compiler</Filter>
    </ClInclude>
    <ClInclude Include="Proto\google\protobuf\compiler\command_line_interface.h">
      <Filter>_Proto\include\google\protobuf\compiler</Filter>
    </ClInclude>
    <ClInclude Include="Proto\google\protobuf\compiler\command_line_interface_tester.h">
      <Filter>_Proto\include\google\protobuf\compiler</Filter>
    </ClInclude>
    <ClInclude Include="Proto\google\protobuf\compiler\importer.h">
      <Filter>_Proto\include\google\protobuf\compiler</Filter>
    </ClInclude>
    <ClInclude Include="Proto\google\protobuf\compiler\mock_code_generator.h">
      <Filter>_Proto\include\google\protobuf\compiler</Filter>
    </ClInclude>
    <ClInclude Include="Proto\google\protobuf\compiler\package_info.h">
      <Filter>_Proto\include\google\protobuf\compiler</Filter>
    </ClInclude>
    <ClInclude Include="Proto\google\protobuf\compiler\parser.h">
      <Filter>_Proto\include\google\protobuf\compiler</Filter>
    </ClInclude>
    <ClInclude Include="Proto\google\protobuf\compiler\plugin.h">
      <Filter>_Proto\include\google\protobuf\compiler</Filter>
    </ClInclude>
    <ClInclude Include="Proto\google\protobuf\compiler\plugin.pb.h">
      <Filter>_Proto\include\google\protobuf\compiler</Filter>
    </ClInclude>
    <ClInclude Include="Proto\google\protobuf\compiler\retention.h">
      <Filter>_Proto\include\google\protobuf\compiler</Filter>
    </ClInclude>
    <ClInclude Include="Proto\google\protobuf\compiler\scc.h">
      <Filter>_Proto\include\google\protobuf\compiler</Filter>
    </ClInclude>
    <ClInclude Include="Proto\google\protobuf\compiler\subprocess.h">
      <Filter>_Proto\include\google\protobuf\compiler</Filter>
    </ClInclude>
    <ClInclude Include="Proto\google\protobuf\compiler\zip_writer.h">
      <Filter>_Proto\include\google\protobuf\compiler</Filter>
    </ClInclude>
    <ClInclude Include="Proto\google\protobuf\any.h">
      <Filter>_Proto\include\google\protobuf</Filter>
    </ClInclude>
    <ClInclude Include="Proto\google\protobuf\any.pb.h">
      <Filter>_Proto\include\google\protobuf</Filter>
    </ClInclude>
    <ClInclude Include="Proto\google\protobuf\api.pb.h">
      <Filter>_Proto\include\google\protobuf</Filter>
    </ClInclude>
    <ClInclude Include="Proto\google\protobuf\arena.h">
      <Filter>_Proto\include\google\protobuf</Filter>
    </ClInclude>
    <ClInclude Include="Proto\google\protobuf\arena_align.h">
      <Filter>_Proto\include\google\protobuf</Filter>
    </ClInclude>
    <ClInclude Include="Proto\google\protobuf\arena_allocation_policy.h">
      <Filter>_Proto\include\google\protobuf</Filter>
    </ClInclude>
    <ClInclude Include="Proto\google\protobuf\arena_cleanup.h">
      <Filter>_Proto\include\google\protobuf</Filter>
    </ClInclude>
    <ClInclude Include="Proto\google\protobuf\arena_test_util.h">
      <Filter>_Proto\include\google\protobuf</Filter>
    </ClInclude>
    <ClInclude Include="Proto\google\protobuf\arenastring.h">
      <Filter>_Proto\include\google\protobuf</Filter>
    </ClInclude>
    <ClInclude Include="Proto\google\protobuf\arenaz_sampler.h">
      <Filter>_Proto\include\google\protobuf</Filter>
    </ClInclude>
    <ClInclude Include="Proto\google\protobuf\cpp_features.pb.h">
      <Filter>_Proto\include\google\protobuf</Filter>
    </ClInclude>
    <ClInclude Include="Proto\google\protobuf\descriptor.h">
      <Filter>_Proto\include\google\protobuf</Filter>
    </ClInclude>
    <ClInclude Include="Proto\google\protobuf\descriptor.pb.h">
      <Filter>_Proto\include\google\protobuf</Filter>
    </ClInclude>
    <ClInclude Include="Proto\google\protobuf\descriptor_database.h">
      <Filter>_Proto\include\google\protobuf</Filter>
    </ClInclude>
    <ClInclude Include="Proto\google\protobuf\descriptor_legacy.h">
      <Filter>_Proto\include\google\protobuf</Filter>
    </ClInclude>
    <ClInclude Include="Proto\google\protobuf\descriptor_visitor.h">
      <Filter>_Proto\include\google\protobuf</Filter>
    </ClInclude>
    <ClInclude Include="Proto\google\protobuf\duration.pb.h">
      <Filter>_Proto\include\google\protobuf</Filter>
    </ClInclude>
    <ClInclude Include="Proto\google\protobuf\dynamic_message.h">
      <Filter>_Proto\include\google\protobuf</Filter>
    </ClInclude>
    <ClInclude Include="Proto\google\protobuf\empty.pb.h">
      <Filter>_Proto\include\google\protobuf</Filter>
    </ClInclude>
    <ClInclude Include="Proto\google\protobuf\endian.h">
      <Filter>_Proto\include\google\protobuf</Filter>
    </ClInclude>
    <ClInclude Include="Proto\google\protobuf\explicitly_constructed.h">
      <Filter>_Proto\include\google\protobuf</Filter>
    </ClInclude>
    <ClInclude Include="Proto\google\protobuf\extension_set.h">
      <Filter>_Proto\include\google\protobuf</Filter>
    </ClInclude>
    <ClInclude Include="Proto\google\protobuf\extension_set_inl.h">
      <Filter>_Proto\include\google\protobuf</Filter>
    </ClInclude>
    <ClInclude Include="Proto\google\protobuf\feature_resolver.h">
      <Filter>_Proto\include\google\protobuf</Filter>
    </ClInclude>
    <ClInclude Include="Proto\google\protobuf\field_access_listener.h">
      <Filter>_Proto\include\google\protobuf</Filter>
    </ClInclude>
    <ClInclude Include="Proto\google\protobuf\field_mask.pb.h">
      <Filter>_Proto\include\google\protobuf</Filter>
    </ClInclude>
    <ClInclude Include="Proto\google\protobuf\generated_enum_reflection.h">
      <Filter>_Proto\include\google\protobuf</Filter>
    </ClInclude>
    <ClInclude Include="Proto\google\protobuf\generated_enum_util.h">
      <Filter>_Proto\include\google\protobuf</Filter>
    </ClInclude>
    <ClInclude Include="Proto\google\protobuf\generated_message_bases.h">
      <Filter>_Proto\include\google\protobuf</Filter>
    </ClInclude>
    <ClInclude Include="Proto\google\protobuf\generated_message_reflection.h">
      <Filter>_Proto\include\google\protobuf</Filter>
    </ClInclude>
    <ClInclude Include="Proto\google\protobuf\generated_message_tctable_decl.h">
      <Filter>_Proto\include\google\protobuf</Filter>
    </ClInclude>
    <ClInclude Include="Proto\google\protobuf\generated_message_tctable_gen.h">
      <Filter>_Proto\include\google\protobuf</Filter>
    </ClInclude>
    <ClInclude Include="Proto\google\protobuf\generated_message_tctable_impl.h">
      <Filter>_Proto\include\google\protobuf</Filter>
    </ClInclude>
    <ClInclude Include="Proto\google\protobuf\generated_message_util.h">
      <Filter>_Proto\include\google\protobuf</Filter>
    </ClInclude>
    <ClInclude Include="Proto\google\protobuf\has_bits.h">
      <Filter>_Proto\include\google\protobuf</Filter>
    </ClInclude>
    <ClInclude Include="Proto\google\protobuf\implicit_weak_message.h">
      <Filter>_Proto\include\google\protobuf</Filter>
    </ClInclude>
    <ClInclude Include="Proto\google\protobuf\inlined_string_field.h">
      <Filter>_Proto\include\google\protobuf</Filter>
    </ClInclude>
    <ClInclude Include="Proto\google\protobuf\internal_message_util.h">
      <Filter>_Proto\include\google\protobuf</Filter>
    </ClInclude>
    <ClInclude Include="Proto\google\protobuf\internal_visibility.h">
      <Filter>_Proto\include\google\protobuf</Filter>
    </ClInclude>
    <ClInclude Include="Proto\google\protobuf\internal_visibility_for_testing.h">
      <Filter>_Proto\include\google\protobuf</Filter>
    </ClInclude>
    <ClInclude Include="Proto\google\protobuf\map.h">
      <Filter>_Proto\include\google\protobuf</Filter>
    </ClInclude>
    <ClInclude Include="Proto\google\protobuf\map_entry.h">
      <Filter>_Proto\include\google\protobuf</Filter>
    </ClInclude>
    <ClInclude Include="Proto\google\protobuf\map_entry_lite.h">
      <Filter>_Proto\include\google\protobuf</Filter>
    </ClInclude>
    <ClInclude Include="Proto\google\protobuf\map_field.h">
      <Filter>_Proto\include\google\protobuf</Filter>
    </ClInclude>
    <ClInclude Include="Proto\google\protobuf\map_field_inl.h">
      <Filter>_Proto\include\google\protobuf</Filter>
    </ClInclude>
    <ClInclude Include="Proto\google\protobuf\map_field_lite.h">
      <Filter>_Proto\include\google\protobuf</Filter>
    </ClInclude>
    <ClInclude Include="Proto\google\protobuf\map_lite_test_util.h">
      <Filter>_Proto\include\google\protobuf</Filter>
    </ClInclude>
    <ClInclude Include="Proto\google\protobuf\map_test_util.h">
      <Filter>_Proto\include\google\protobuf</Filter>
    </ClInclude>
    <ClInclude Include="Proto\google\protobuf\map_test_util_impl.h">
      <Filter>_Proto\include\google\protobuf</Filter>
    </ClInclude>
    <ClInclude Include="Proto\google\protobuf\map_type_handler.h">
      <Filter>_Proto\include\google\protobuf</Filter>
    </ClInclude>
    <ClInclude Include="Proto\google\protobuf\message.h">
      <Filter>_Proto\include\google\protobuf</Filter>
    </ClInclude>
    <ClInclude Include="Proto\google\protobuf\message_lite.h">
      <Filter>_Proto\include\google\protobuf</Filter>
    </ClInclude>
    <ClInclude Include="Proto\google\protobuf\metadata.h">
      <Filter>_Proto\include\google\protobuf</Filter>
    </ClInclude>
    <ClInclude Include="Proto\google\protobuf\metadata_lite.h">
      <Filter>_Proto\include\google\protobuf</Filter>
    </ClInclude>
    <ClInclude Include="Proto\google\protobuf\package_info.h">
      <Filter>_Proto\include\google\protobuf</Filter>
    </ClInclude>
    <ClInclude Include="Proto\google\protobuf\parse_context.h">
      <Filter>_Proto\include\google\protobuf</Filter>
    </ClInclude>
    <ClInclude Include="Proto\google\protobuf\port.h">
      <Filter>_Proto\include\google\protobuf</Filter>
    </ClInclude>
    <ClInclude Include="Proto\google\protobuf\raw_ptr.h">
      <Filter>_Proto\include\google\protobuf</Filter>
    </ClInclude>
    <ClInclude Include="Proto\google\protobuf\reflection.h">
      <Filter>_Proto\include\google\protobuf</Filter>
    </ClInclude>
    <ClInclude Include="Proto\google\protobuf\reflection_internal.h">
      <Filter>_Proto\include\google\protobuf</Filter>
    </ClInclude>
    <ClInclude Include="Proto\google\protobuf\reflection_mode.h">
      <Filter>_Proto\include\google\protobuf</Filter>
    </ClInclude>
    <ClInclude Include="Proto\google\protobuf\reflection_ops.h">
      <Filter>_Proto\include\google\protobuf</Filter>
    </ClInclude>
    <ClInclude Include="Proto\google\protobuf\reflection_tester.h">
      <Filter>_Proto\include\google\protobuf</Filter>
    </ClInclude>
    <ClInclude Include="Proto\google\protobuf\repeated_field.h">
      <Filter>_Proto\include\google\protobuf</Filter>
    </ClInclude>
    <ClInclude Include="Proto\google\protobuf\repeated_ptr_field.h">
      <Filter>_Proto\include\google\protobuf</Filter>
    </ClInclude>
    <ClInclude Include="Proto\google\protobuf\serial_arena.h">
      <Filter>_Proto\include\google\protobuf</Filter>
    </ClInclude>
    <ClInclude Include="Proto\google\protobuf\service.h">
      <Filter>_Proto\include\google\protobuf</Filter>
    </ClInclude>
    <ClInclude Include="Proto\google\protobuf\source_context.pb.h">
      <Filter>_Proto\include\google\protobuf</Filter>
    </ClInclude>
    <ClInclude Include="Proto\google\protobuf\string_block.h">
      <Filter>_Proto\include\google\protobuf</Filter>
    </ClInclude>
    <ClInclude Include="Proto\google\protobuf\string_member_robber.h">
      <Filter>_Proto\include\google\protobuf</Filter>
    </ClInclude>
    <ClInclude Include="Proto\google\protobuf\struct.pb.h">
      <Filter>_Proto\include\google\protobuf</Filter>
    </ClInclude>
    <ClInclude Include="Proto\google\protobuf\test_textproto.h">
      <Filter>_Proto\include\google\protobuf</Filter>
    </ClInclude>
    <ClInclude Include="Proto\google\protobuf\test_util.h">
      <Filter>_Proto\include\google\protobuf</Filter>
    </ClInclude>
    <ClInclude Include="Proto\google\protobuf\test_util_lite.h">
      <Filter>_Proto\include\google\protobuf</Filter>
    </ClInclude>
    <ClInclude Include="Proto\google\protobuf\test_util2.h">
      <Filter>_Proto\include\google\protobuf</Filter>
    </ClInclude>
    <ClInclude Include="Proto\google\protobuf\text_format.h">
      <Filter>_Proto\include\google\protobuf</Filter>
    </ClInclude>
    <ClInclude Include="Proto\google\protobuf\thread_safe_arena.h">
      <Filter>_Proto\include\google\protobuf</Filter>
    </ClInclude>
    <ClInclude Include="Proto\google\protobuf\timestamp.pb.h">
      <Filter>_Proto\include\google\protobuf</Filter>
    </ClInclude>
    <ClInclude Include="Proto\google\protobuf\type.pb.h">
      <Filter>_Proto\include\google\protobuf</Filter>
    </ClInclude>
    <ClInclude Include="Proto\google\protobuf\unknown_field_set.h">
      <Filter>_Proto\include\google\protobuf</Filter>
    </ClInclude>
    <ClInclude Include="Proto\google\protobuf\varint_shuffle.h">
      <Filter>_Proto\include\google\protobuf</Filter>
    </ClInclude>
    <ClInclude Include="Proto\google\protobuf\wire_format.h">
      <Filter>_Proto\include\google\protobuf</Filter>
    </ClInclude>
    <ClInclude Include="Proto\google\protobuf\wire_format_lite.h">
      <Filter>_Proto\include\google\protobuf</Filter>
    </ClInclude>
    <ClInclude Include="Proto\google\protobuf\wrappers.pb.h">
      <Filter>_Proto\include\google\protobuf</Filter>
    </ClInclude>
    <ClInclude Include="src\modelData.pb.h">
      <Filter>src\ProtoSandbox</Filter>
    </ClInclude>
  </ItemGroup>
  <ItemGroup>
    <FxCompile Include="Shaders\Original\ColorByVertex.Px.hlsl">
      <Filter>Shaders\Original</Filter>
    </FxCompile>
    <FxCompile Include="Shaders\Original\ColorByVertex.Vx.hlsl">
      <Filter>Shaders\Original</Filter>
    </FxCompile>
    <FxCompile Include="Shaders\Original\FlatTexture.Px.hlsl">
      <Filter>Shaders\Original</Filter>
    </FxCompile>
    <FxCompile Include="Shaders\Original\FlatTexture.Vx.hlsl">
      <Filter>Shaders\Original</Filter>
    </FxCompile>
    <FxCompile Include="Shaders\Original\ConstColor.Px.hlsl">
      <Filter>Shaders\Original</Filter>
    </FxCompile>
    <FxCompile Include="Shaders\Original\ConstColor.Vx.hlsl">
      <Filter>Shaders\Original</Filter>
    </FxCompile>
    <FxCompile Include="Shaders\Original\LightTexture.Px.hlsl">
      <Filter>Shaders\Original</Filter>
    </FxCompile>
    <FxCompile Include="Shaders\Original\LightTexture.Vx.hlsl">
      <Filter>Shaders\Original</Filter>
    </FxCompile>
    <FxCompile Include="Shaders\Original\Default.Px.hlsl">
      <Filter>Shaders\Original</Filter>
    </FxCompile>
    <FxCompile Include="Shaders\Original\Default.Vx.hlsl">
      <Filter>Shaders\Original</Filter>
    </FxCompile>
  </ItemGroup>
  <ItemGroup>
    <ClCompile Include="src\CubeMesh.cpp">
      <Filter>src\Mesh</Filter>
    </ClCompile>
    <ClCompile Include="src\ShaderObject.cpp">
      <Filter>src\ShaderObject</Filter>
    </ClCompile>
    <ClCompile Include="src\SOColorByVertex.cpp">
      <Filter>src\ShaderObject</Filter>
    </ClCompile>
    <ClCompile Include="src\Mesh.cpp">
      <Filter>src\Mesh</Filter>
    </ClCompile>
    <ClCompile Include="src\Camera.cpp">
      <Filter>src\Camera</Filter>
    </ClCompile>
    <ClCompile Include="src\Engine.cpp">
      <Filter>src\Game</Filter>
    </ClCompile>
    <ClCompile Include="src\Game.cpp">
      <Filter>src\Game</Filter>
    </ClCompile>
    <ClCompile Include="src\GameObject.cpp">
      <Filter>src\GameObject</Filter>
    </ClCompile>
    <ClCompile Include="src\GraphicsObject.cpp">
      <Filter>src\GraphicsObject</Filter>
    </ClCompile>
    <ClCompile Include="src\GOWireframe.cpp">
      <Filter>src\GraphicsObject</Filter>
    </ClCompile>
    <ClCompile Include="src\GameHelper.cpp">
      <Filter>src\Game</Filter>
    </ClCompile>
    <ClCompile Include="src\PyramidMesh.cpp">
      <Filter>src\Mesh</Filter>
    </ClCompile>
    <ClCompile Include="src\GameObjectManager.cpp">
      <Filter>src\GameObject</Filter>
    </ClCompile>
    <ClCompile Include="src\GONull.cpp">
      <Filter>src\GraphicsObject</Filter>
    </ClCompile>
    <ClCompile Include="src\ShaderObjectManager.cpp">
      <Filter>src\ShaderObject</Filter>
    </ClCompile>
    <ClCompile Include="src\main.cpp">
      <Filter>src\Game</Filter>
    </ClCompile>
    <ClCompile Include="src\MeshManager.cpp">
      <Filter>src\Mesh</Filter>
    </ClCompile>
    <ClCompile Include="src\CameraManager.cpp">
      <Filter>src\Camera</Filter>
    </ClCompile>
    <ClCompile Include="src\DiamondMesh.cpp">
      <Filter>src\Mesh</Filter>
    </ClCompile>
    <ClCompile Include="src\CrossMesh.cpp">
      <Filter>src\Mesh</Filter>
    </ClCompile>
    <ClCompile Include="src\TextureObject.cpp">
      <Filter>src\TextureObject</Filter>
    </ClCompile>
    <ClCompile Include="src\SOFlatTexture.cpp">
      <Filter>src\ShaderObject</Filter>
    </ClCompile>
    <ClCompile Include="src\GOFlatTexture.cpp">
      <Filter>src\GraphicsObject</Filter>
    </ClCompile>
    <ClCompile Include="src\TextureObjectManager.cpp">
      <Filter>src\TextureObject</Filter>
    </ClCompile>
    <ClCompile Include="src\SOLightTexture.cpp">
      <Filter>src\ShaderObject</Filter>
    </ClCompile>
    <ClCompile Include="src\GOLightTexture.cpp">
      <Filter>src\GraphicsObject</Filter>
    </ClCompile>
    <ClCompile Include="src\SOConstColor.cpp">
      <Filter>src\ShaderObject</Filter>
    </ClCompile>
    <ClCompile Include="src\GOConstColor.cpp">
      <Filter>src\GraphicsObject</Filter>
    </ClCompile>
    <ClCompile Include="src\GOColorByVertex.cpp">
      <Filter>src\GraphicsObject</Filter>
    </ClCompile>
    <ClCompile Include="src\Player.cpp">
      <Filter>src\GameObject</Filter>
    </ClCompile>
    <ClCompile Include="src\EngineUtils.cpp">
      <Filter>src\Game</Filter>
    </ClCompile>
    <ClCompile Include="src\SONull.cpp">
      <Filter>src\ShaderObject</Filter>
    </ClCompile>
    <ClCompile Include="src\SODefault.cpp">
      <Filter>src\ShaderObject</Filter>
    </ClCompile>
    <ClCompile Include="src\Plane.cpp">
      <Filter>src\Mesh</Filter>
    </ClCompile>
    <ClCompile Include="TinyGLTF\tiny_gltf.cc">
      <Filter>_TinyGLTF</Filter>
    </ClCompile>
    <ClCompile Include="src\modelData.pb.cc">
      <Filter>src\ProtoSandbox</Filter>
    </ClCompile>
  </ItemGroup>
  <ItemGroup>
    <Library Include="DXTex\lib\DirectXTex_DebugX86.lib">
      <Filter>DXTex\lib</Filter>
    </Library>
    <Library Include="DXTex\lib\DirectXTex_ReleaseX86.lib">
      <Filter>DXTex\lib</Filter>
    </Library>
    <Library Include="TinyGLTF\tinygltf.lib">
      <Filter>_TinyGLTF</Filter>
    </Library>
    <Library Include="Proto\libs\debug\absl_bad_any_cast_impl.lib">
      <Filter>_Proto\libs-debug</Filter>
    </Library>
    <Library Include="Proto\libs\debug\absl_bad_optional_access.lib">
      <Filter>_Proto\libs-debug</Filter>
    </Library>
    <Library Include="Proto\libs\debug\absl_bad_variant_access.lib">
      <Filter>_Proto\libs-debug</Filter>
    </Library>
    <Library Include="Proto\libs\debug\absl_base.lib">
      <Filter>_Proto\libs-debug</Filter>
    </Library>
    <Library Include="Proto\libs\debug\absl_city.lib">
      <Filter>_Proto\libs-debug</Filter>
    </Library>
    <Library Include="Proto\libs\debug\absl_civil_time.lib">
      <Filter>_Proto\libs-debug</Filter>
    </Library>
    <Library Include="Proto\libs\debug\absl_cord.lib">
      <Filter>_Proto\libs-debug</Filter>
    </Library>
    <Library Include="Proto\libs\debug\absl_cord_internal.lib">
      <Filter>_Proto\libs-debug</Filter>
    </Library>
    <Library Include="Proto\libs\debug\absl_cordz_functions.lib">
      <Filter>_Proto\libs-debug</Filter>
    </Library>
    <Library Include="Proto\libs\debug\absl_cordz_handle.lib">
      <Filter>_Proto\libs-debug</Filter>
    </Library>
    <Library Include="Proto\libs\debug\absl_cordz_info.lib">
      <Filter>_Proto\libs-debug</Filter>
    </Library>
    <Library Include="Proto\libs\debug\absl_cordz_sample_token.lib">
      <Filter>_Proto\libs-debug</Filter>
    </Library>
    <Library Include="Proto\libs\debug\absl_crc_cord_state.lib">
      <Filter>_Proto\libs-debug</Filter>
    </Library>
    <Library Include="Proto\libs\debug\absl_crc_cpu_detect.lib">
      <Filter>_Proto\libs-debug</Filter>
    </Library>
    <Library Include="Proto\libs\debug\absl_crc_internal.lib">
      <Filter>_Proto\libs-debug</Filter>
    </Library>
    <Library Include="Proto\libs\debug\absl_crc32c.lib">
      <Filter>_Proto\libs-debug</Filter>
    </Library>
    <Library Include="Proto\libs\debug\absl_debugging_internal.lib">
      <Filter>_Proto\libs-debug</Filter>
    </Library>
    <Library Include="Proto\libs\debug\absl_demangle_internal.lib">
      <Filter>_Proto\libs-debug</Filter>
    </Library>
    <Library Include="Proto\libs\debug\absl_die_if_null.lib">
      <Filter>_Proto\libs-debug</Filter>
    </Library>
    <Library Include="Proto\libs\debug\absl_examine_stack.lib">
      <Filter>_Proto\libs-debug</Filter>
    </Library>
    <Library Include="Proto\libs\debug\absl_exponential_biased.lib">
      <Filter>_Proto\libs-debug</Filter>
    </Library>
    <Library Include="Proto\libs\debug\absl_failure_signal_handler.lib">
      <Filter>_Proto\libs-debug</Filter>
    </Library>
    <Library Include="Proto\libs\debug\absl_flags.lib">
      <Filter>_Proto\libs-debug</Filter>
    </Library>
    <Library Include="Proto\libs\debug\absl_flags_commandlineflag.lib">
      <Filter>_Proto\libs-debug</Filter>
    </Library>
    <Library Include="Proto\libs\debug\absl_flags_commandlineflag_internal.lib">
      <Filter>_Proto\libs-debug</Filter>
    </Library>
    <Library Include="Proto\libs\debug\absl_flags_config.lib">
      <Filter>_Proto\libs-debug</Filter>
    </Library>
    <Library Include="Proto\libs\debug\absl_flags_internal.lib">
      <Filter>_Proto\libs-debug</Filter>
    </Library>
    <Library Include="Proto\libs\debug\absl_flags_marshalling.lib">
      <Filter>_Proto\libs-debug</Filter>
    </Library>
    <Library Include="Proto\libs\debug\absl_flags_parse.lib">
      <Filter>_Proto\libs-debug</Filter>
    </Library>
    <Library Include="Proto\libs\debug\absl_flags_private_handle_accessor.lib">
      <Filter>_Proto\libs-debug</Filter>
    </Library>
    <Library Include="Proto\libs\debug\absl_flags_program_name.lib">
      <Filter>_Proto\libs-debug</Filter>
    </Library>
    <Library Include="Proto\libs\debug\absl_flags_reflection.lib">
      <Filter>_Proto\libs-debug</Filter>
    </Library>
    <Library Include="Proto\libs\debug\absl_flags_usage.lib">
      <Filter>_Proto\libs-debug</Filter>
    </Library>
    <Library Include="Proto\libs\debug\absl_flags_usage_internal.lib">
      <Filter>_Proto\libs-debug</Filter>
    </Library>
    <Library Include="Proto\libs\debug\absl_graphcycles_internal.lib">
      <Filter>_Proto\libs-debug</Filter>
    </Library>
    <Library Include="Proto\libs\debug\absl_hash.lib">
      <Filter>_Proto\libs-debug</Filter>
    </Library>
    <Library Include="Proto\libs\debug\absl_hashtablez_sampler.lib">
      <Filter>_Proto\libs-debug</Filter>
    </Library>
    <Library Include="Proto\libs\debug\absl_int128.lib">
      <Filter>_Proto\libs-debug</Filter>
    </Library>
    <Library Include="Proto\libs\debug\absl_kernel_timeout_internal.lib">
      <Filter>_Proto\libs-debug</Filter>
    </Library>
    <Library Include="Proto\libs\debug\absl_leak_check.lib">
      <Filter>_Proto\libs-debug</Filter>
    </Library>
    <Library Include="Proto\libs\debug\absl_log_entry.lib">
      <Filter>_Proto\libs-debug</Filter>
    </Library>
    <Library Include="Proto\libs\debug\absl_log_flags.lib">
      <Filter>_Proto\libs-debug</Filter>
    </Library>
    <Library Include="Proto\libs\debug\absl_log_globals.lib">
      <Filter>_Proto\libs-debug</Filter>
    </Library>
    <Library Include="Proto\libs\debug\absl_log_initialize.lib">
      <Filter>_Proto\libs-debug</Filter>
    </Library>
    <Library Include="Proto\libs\debug\absl_log_internal_check_op.lib">
      <Filter>_Proto\libs-debug</Filter>
    </Library>
    <Library Include="Proto\libs\debug\absl_log_internal_conditions.lib">
      <Filter>_Proto\libs-debug</Filter>
    </Library>
    <Library Include="Proto\libs\debug\absl_log_internal_format.lib">
      <Filter>_Proto\libs-debug</Filter>
    </Library>
    <Library Include="Proto\libs\debug\absl_log_internal_globals.lib">
      <Filter>_Proto\libs-debug</Filter>
    </Library>
    <Library Include="Proto\libs\debug\absl_log_internal_log_sink_set.lib">
      <Filter>_Proto\libs-debug</Filter>
    </Library>
    <Library Include="Proto\libs\debug\absl_log_internal_message.lib">
      <Filter>_Proto\libs-debug</Filter>
    </Library>
    <Library Include="Proto\libs\debug\absl_log_internal_nullguard.lib">
      <Filter>_Proto\libs-debug</Filter>
    </Library>
    <Library Include="Proto\libs\debug\absl_log_internal_proto.lib">
      <Filter>_Proto\libs-debug</Filter>
    </Library>
    <Library Include="Proto\libs\debug\absl_log_severity.lib">
      <Filter>_Proto\libs-debug</Filter>
    </Library>
    <Library Include="Proto\libs\debug\absl_log_sink.lib">
      <Filter>_Proto\libs-debug</Filter>
    </Library>
    <Library Include="Proto\libs\debug\absl_low_level_hash.lib">
      <Filter>_Proto\libs-debug</Filter>
    </Library>
    <Library Include="Proto\libs\debug\absl_malloc_internal.lib">
      <Filter>_Proto\libs-debug</Filter>
    </Library>
    <Library Include="Proto\libs\debug\absl_periodic_sampler.lib">
      <Filter>_Proto\libs-debug</Filter>
    </Library>
    <Library Include="Proto\libs\debug\absl_random_distributions.lib">
      <Filter>_Proto\libs-debug</Filter>
    </Library>
    <Library Include="Proto\libs\debug\absl_random_internal_distribution_test_util.lib">
      <Filter>_Proto\libs-debug</Filter>
    </Library>
    <Library Include="Proto\libs\debug\absl_random_internal_platform.lib">
      <Filter>_Proto\libs-debug</Filter>
    </Library>
    <Library Include="Proto\libs\debug\absl_random_internal_pool_urbg.lib">
      <Filter>_Proto\libs-debug</Filter>
    </Library>
    <Library Include="Proto\libs\debug\absl_random_internal_randen.lib">
      <Filter>_Proto\libs-debug</Filter>
    </Library>
    <Library Include="Proto\libs\debug\absl_random_internal_randen_hwaes.lib">
      <Filter>_Proto\libs-debug</Filter>
    </Library>
    <Library Include="Proto\libs\debug\absl_random_internal_randen_hwaes_impl.lib">
      <Filter>_Proto\libs-debug</Filter>
    </Library>
    <Library Include="Proto\libs\debug\absl_random_internal_randen_slow.lib">
      <Filter>_Proto\libs-debug</Filter>
    </Library>
    <Library Include="Proto\libs\debug\absl_random_internal_seed_material.lib">
      <Filter>_Proto\libs-debug</Filter>
    </Library>
    <Library Include="Proto\libs\debug\absl_random_seed_gen_exception.lib">
      <Filter>_Proto\libs-debug</Filter>
    </Library>
    <Library Include="Proto\libs\debug\absl_random_seed_sequences.lib">
      <Filter>_Proto\libs-debug</Filter>
    </Library>
    <Library Include="Proto\libs\debug\absl_raw_hash_set.lib">
      <Filter>_Proto\libs-debug</Filter>
    </Library>
    <Library Include="Proto\libs\debug\absl_raw_logging_internal.lib">
      <Filter>_Proto\libs-debug</Filter>
    </Library>
    <Library Include="Proto\libs\debug\absl_scoped_set_env.lib">
      <Filter>_Proto\libs-debug</Filter>
    </Library>
    <Library Include="Proto\libs\debug\absl_spinlock_wait.lib">
      <Filter>_Proto\libs-debug</Filter>
    </Library>
    <Library Include="Proto\libs\debug\absl_stacktrace.lib">
      <Filter>_Proto\libs-debug</Filter>
    </Library>
    <Library Include="Proto\libs\debug\absl_status.lib">
      <Filter>_Proto\libs-debug</Filter>
    </Library>
    <Library Include="Proto\libs\debug\absl_statusor.lib">
      <Filter>_Proto\libs-debug</Filter>
    </Library>
    <Library Include="Proto\libs\debug\absl_str_format_internal.lib">
      <Filter>_Proto\libs-debug</Filter>
    </Library>
    <Library Include="Proto\libs\debug\absl_strerror.lib">
      <Filter>_Proto\libs-debug</Filter>
    </Library>
    <Library Include="Proto\libs\debug\absl_string_view.lib">
      <Filter>_Proto\libs-debug</Filter>
    </Library>
    <Library Include="Proto\libs\debug\absl_strings.lib">
      <Filter>_Proto\libs-debug</Filter>
    </Library>
    <Library Include="Proto\libs\debug\absl_strings_internal.lib">
      <Filter>_Proto\libs-debug</Filter>
    </Library>
    <Library Include="Proto\libs\debug\absl_symbolize.lib">
      <Filter>_Proto\libs-debug</Filter>
    </Library>
    <Library Include="Proto\libs\debug\absl_synchronization.lib">
      <Filter>_Proto\libs-debug</Filter>
    </Library>
    <Library Include="Proto\libs\debug\absl_throw_delegate.lib">
      <Filter>_Proto\libs-debug</Filter>
    </Library>
    <Library Include="Proto\libs\debug\absl_time.lib">
      <Filter>_Proto\libs-debug</Filter>
    </Library>
    <Library Include="Proto\libs\debug\absl_time_zone.lib">
      <Filter>_Proto\libs-debug</Filter>
    </Library>
    <Library Include="Proto\libs\debug\libprotobuf-lited.lib">
      <Filter>_Proto\libs-debug</Filter>
    </Library>
    <Library Include="Proto\libs\debug\utf8_range.lib">
      <Filter>_Proto\libs-debug</Filter>
    </Library>
    <Library Include="Proto\libs\debug\utf8_validity.lib">
      <Filter>_Proto\libs-debug</Filter>
    </Library>
    <Library Include="Proto\libs\release\absl_bad_any_cast_impl.lib">
      <Filter>_Proto\libs-release</Filter>
    </Library>
    <Library Include="Proto\libs\release\absl_bad_optional_access.lib">
      <Filter>_Proto\libs-release</Filter>
    </Library>
    <Library Include="Proto\libs\release\absl_bad_variant_access.lib">
      <Filter>_Proto\libs-release</Filter>
    </Library>
    <Library Include="Proto\libs\release\absl_base.lib">
      <Filter>_Proto\libs-release</Filter>
    </Library>
    <Library Include="Proto\libs\release\absl_city.lib">
      <Filter>_Proto\libs-release</Filter>
    </Library>
    <Library Include="Proto\libs\release\absl_civil_time.lib">
      <Filter>_Proto\libs-release</Filter>
    </Library>
    <Library Include="Proto\libs\release\absl_cord.lib">
      <Filter>_Proto\libs-release</Filter>
    </Library>
    <Library Include="Proto\libs\release\absl_cord_internal.lib">
      <Filter>_Proto\libs-release</Filter>
    </Library>
    <Library Include="Proto\libs\release\absl_cordz_functions.lib">
      <Filter>_Proto\libs-release</Filter>
    </Library>
    <Library Include="Proto\libs\release\absl_cordz_handle.lib">
      <Filter>_Proto\libs-release</Filter>
    </Library>
    <Library Include="Proto\libs\release\absl_cordz_info.lib">
      <Filter>_Proto\libs-release</Filter>
    </Library>
    <Library Include="Proto\libs\release\absl_cordz_sample_token.lib">
      <Filter>_Proto\libs-release</Filter>
    </Library>
    <Library Include="Proto\libs\release\absl_crc_cord_state.lib">
      <Filter>_Proto\libs-release</Filter>
    </Library>
    <Library Include="Proto\libs\release\absl_crc_cpu_detect.lib">
      <Filter>_Proto\libs-release</Filter>
    </Library>
    <Library Include="Proto\libs\release\absl_crc_internal.lib">
      <Filter>_Proto\libs-release</Filter>
    </Library>
    <Library Include="Proto\libs\release\absl_crc32c.lib">
      <Filter>_Proto\libs-release</Filter>
    </Library>
    <Library Include="Proto\libs\release\absl_debugging_internal.lib">
      <Filter>_Proto\libs-release</Filter>
    </Library>
    <Library Include="Proto\libs\release\absl_demangle_internal.lib">
      <Filter>_Proto\libs-release</Filter>
    </Library>
    <Library Include="Proto\libs\release\absl_die_if_null.lib">
      <Filter>_Proto\libs-release</Filter>
    </Library>
    <Library Include="Proto\libs\release\absl_examine_stack.lib">
      <Filter>_Proto\libs-release</Filter>
    </Library>
    <Library Include="Proto\libs\release\absl_exponential_biased.lib">
      <Filter>_Proto\libs-release</Filter>
    </Library>
    <Library Include="Proto\libs\release\absl_failure_signal_handler.lib">
      <Filter>_Proto\libs-release</Filter>
    </Library>
    <Library Include="Proto\libs\release\absl_flags.lib">
      <Filter>_Proto\libs-release</Filter>
    </Library>
    <Library Include="Proto\libs\release\absl_flags_commandlineflag.lib">
      <Filter>_Proto\libs-release</Filter>
    </Library>
    <Library Include="Proto\libs\release\absl_flags_commandlineflag_internal.lib">
      <Filter>_Proto\libs-release</Filter>
    </Library>
    <Library Include="Proto\libs\release\absl_flags_config.lib">
      <Filter>_Proto\libs-release</Filter>
    </Library>
    <Library Include="Proto\libs\release\absl_flags_internal.lib">
      <Filter>_Proto\libs-release</Filter>
    </Library>
    <Library Include="Proto\libs\release\absl_flags_marshalling.lib">
      <Filter>_Proto\libs-release</Filter>
    </Library>
    <Library Include="Proto\libs\release\absl_flags_parse.lib">
      <Filter>_Proto\libs-release</Filter>
    </Library>
    <Library Include="Proto\libs\release\absl_flags_private_handle_accessor.lib">
      <Filter>_Proto\libs-release</Filter>
    </Library>
    <Library Include="Proto\libs\release\absl_flags_program_name.lib">
      <Filter>_Proto\libs-release</Filter>
    </Library>
    <Library Include="Proto\libs\release\absl_flags_reflection.lib">
      <Filter>_Proto\libs-release</Filter>
    </Library>
    <Library Include="Proto\libs\release\absl_flags_usage.lib">
      <Filter>_Proto\libs-release</Filter>
    </Library>
    <Library Include="Proto\libs\release\absl_flags_usage_internal.lib">
      <Filter>_Proto\libs-release</Filter>
    </Library>
    <Library Include="Proto\libs\release\absl_graphcycles_internal.lib">
      <Filter>_Proto\libs-release</Filter>
    </Library>
    <Library Include="Proto\libs\release\absl_hash.lib">
      <Filter>_Proto\libs-release</Filter>
    </Library>
    <Library Include="Proto\libs\release\absl_hashtablez_sampler.lib">
      <Filter>_Proto\libs-release</Filter>
    </Library>
    <Library Include="Proto\libs\release\absl_int128.lib">
      <Filter>_Proto\libs-release</Filter>
    </Library>
    <Library Include="Proto\libs\release\absl_kernel_timeout_internal.lib">
      <Filter>_Proto\libs-release</Filter>
    </Library>
    <Library Include="Proto\libs\release\absl_leak_check.lib">
      <Filter>_Proto\libs-release</Filter>
    </Library>
    <Library Include="Proto\libs\release\absl_log_entry.lib">
      <Filter>_Proto\libs-release</Filter>
    </Library>
    <Library Include="Proto\libs\release\absl_log_flags.lib">
      <Filter>_Proto\libs-release</Filter>
    </Library>
    <Library Include="Proto\libs\release\absl_log_globals.lib">
      <Filter>_Proto\libs-release</Filter>
    </Library>
    <Library Include="Proto\libs\release\absl_log_initialize.lib">
      <Filter>_Proto\libs-release</Filter>
    </Library>
    <Library Include="Proto\libs\release\absl_log_internal_check_op.lib">
      <Filter>_Proto\libs-release</Filter>
    </Library>
    <Library Include="Proto\libs\release\absl_log_internal_conditions.lib">
      <Filter>_Proto\libs-release</Filter>
    </Library>
    <Library Include="Proto\libs\release\absl_log_internal_format.lib">
      <Filter>_Proto\libs-release</Filter>
    </Library>
    <Library Include="Proto\libs\release\absl_log_internal_globals.lib">
      <Filter>_Proto\libs-release</Filter>
    </Library>
    <Library Include="Proto\libs\release\absl_log_internal_log_sink_set.lib">
      <Filter>_Proto\libs-release</Filter>
    </Library>
    <Library Include="Proto\libs\release\absl_log_internal_message.lib">
      <Filter>_Proto\libs-release</Filter>
    </Library>
    <Library Include="Proto\libs\release\absl_log_internal_nullguard.lib">
      <Filter>_Proto\libs-release</Filter>
    </Library>
    <Library Include="Proto\libs\release\absl_log_internal_proto.lib">
      <Filter>_Proto\libs-release</Filter>
    </Library>
    <Library Include="Proto\libs\release\absl_log_severity.lib">
      <Filter>_Proto\libs-release</Filter>
    </Library>
    <Library Include="Proto\libs\release\absl_log_sink.lib">
      <Filter>_Proto\libs-release</Filter>
    </Library>
    <Library Include="Proto\libs\release\absl_low_level_hash.lib">
      <Filter>_Proto\libs-release</Filter>
    </Library>
    <Library Include="Proto\libs\release\absl_malloc_internal.lib">
      <Filter>_Proto\libs-release</Filter>
    </Library>
    <Library Include="Proto\libs\release\absl_periodic_sampler.lib">
      <Filter>_Proto\libs-release</Filter>
    </Library>
    <Library Include="Proto\libs\release\absl_random_distributions.lib">
      <Filter>_Proto\libs-release</Filter>
    </Library>
    <Library Include="Proto\libs\release\absl_random_internal_distribution_test_util.lib">
      <Filter>_Proto\libs-release</Filter>
    </Library>
    <Library Include="Proto\libs\release\absl_random_internal_platform.lib">
      <Filter>_Proto\libs-release</Filter>
    </Library>
    <Library Include="Proto\libs\release\absl_random_internal_pool_urbg.lib">
      <Filter>_Proto\libs-release</Filter>
    </Library>
    <Library Include="Proto\libs\release\absl_random_internal_randen.lib">
      <Filter>_Proto\libs-release</Filter>
    </Library>
    <Library Include="Proto\libs\release\absl_random_internal_randen_hwaes.lib">
      <Filter>_Proto\libs-release</Filter>
    </Library>
    <Library Include="Proto\libs\release\absl_random_internal_randen_hwaes_impl.lib">
      <Filter>_Proto\libs-release</Filter>
    </Library>
    <Library Include="Proto\libs\release\absl_random_internal_randen_slow.lib">
      <Filter>_Proto\libs-release</Filter>
    </Library>
    <Library Include="Proto\libs\release\absl_random_internal_seed_material.lib">
      <Filter>_Proto\libs-release</Filter>
    </Library>
    <Library Include="Proto\libs\release\absl_random_seed_gen_exception.lib">
      <Filter>_Proto\libs-release</Filter>
    </Library>
    <Library Include="Proto\libs\release\absl_random_seed_sequences.lib">
      <Filter>_Proto\libs-release</Filter>
    </Library>
    <Library Include="Proto\libs\release\absl_raw_hash_set.lib">
      <Filter>_Proto\libs-release</Filter>
    </Library>
    <Library Include="Proto\libs\release\absl_raw_logging_internal.lib">
      <Filter>_Proto\libs-release</Filter>
    </Library>
    <Library Include="Proto\libs\release\absl_scoped_set_env.lib">
      <Filter>_Proto\libs-release</Filter>
    </Library>
    <Library Include="Proto\libs\release\absl_spinlock_wait.lib">
      <Filter>_Proto\libs-release</Filter>
    </Library>
    <Library Include="Proto\libs\release\absl_stacktrace.lib">
      <Filter>_Proto\libs-release</Filter>
    </Library>
    <Library Include="Proto\libs\release\absl_status.lib">
      <Filter>_Proto\libs-release</Filter>
    </Library>
    <Library Include="Proto\libs\release\absl_statusor.lib">
      <Filter>_Proto\libs-release</Filter>
    </Library>
    <Library Include="Proto\libs\release\absl_str_format_internal.lib">
      <Filter>_Proto\libs-release</Filter>
    </Library>
    <Library Include="Proto\libs\release\absl_strerror.lib">
      <Filter>_Proto\libs-release</Filter>
    </Library>
    <Library Include="Proto\libs\release\absl_string_view.lib">
      <Filter>_Proto\libs-release</Filter>
    </Library>
    <Library Include="Proto\libs\release\absl_strings.lib">
      <Filter>_Proto\libs-release</Filter>
    </Library>
    <Library Include="Proto\libs\release\absl_strings_internal.lib">
      <Filter>_Proto\libs-release</Filter>
    </Library>
    <Library Include="Proto\libs\release\absl_symbolize.lib">
      <Filter>_Proto\libs-release</Filter>
    </Library>
    <Library Include="Proto\libs\release\absl_synchronization.lib">
      <Filter>_Proto\libs-release</Filter>
    </Library>
    <Library Include="Proto\libs\release\absl_throw_delegate.lib">
      <Filter>_Proto\libs-release</Filter>
    </Library>
    <Library Include="Proto\libs\release\absl_time.lib">
      <Filter>_Proto\libs-release</Filter>
    </Library>
    <Library Include="Proto\libs\release\absl_time_zone.lib">
      <Filter>_Proto\libs-release</Filter>
    </Library>
    <Library Include="Proto\libs\release\libprotobuf-lite.lib">
      <Filter>_Proto\libs-release</Filter>
    </Library>
    <Library Include="Proto\libs\release\utf8_range.lib">
      <Filter>_Proto\libs-release</Filter>
    </Library>
    <Library Include="Proto\libs\release\utf8_validity.lib">
      <Filter>_Proto\libs-release</Filter>
    </Library>
  </ItemGroup>
</Project>